
Microsoft Visual Studio Solution File, Format Version 12.00
# Visual Studio Version 16
VisualStudioVersion = 16.0.29920.165
MinimumVisualStudioVersion = 10.0.40219.1
Project("{FAE04EC0-301F-11D3-BF4B-00C04F79EFBC}") = "mpMeshes", "mpMeshes\mpMeshes.csproj", "{28E153AE-08F6-4549-BDA8-B0A1B3A13405}"
EndProject
Project("{9A19103F-16F7-4668-BE54-9A1E7A4F7556}") = "_build", "build\_build.csproj", "{6C52E12A-1010-44A7-AB24-9CAA9FCF1A48}"
EndProject
Global
	GlobalSection(SolutionConfigurationPlatforms) = preSolution
		A2013|x64 = A2013|x64
		A2014|x64 = A2014|x64
		A2015|x64 = A2015|x64
		A2016|x64 = A2016|x64
		A2017|x64 = A2017|x64
		A2018|x64 = A2018|x64
		A2019|x64 = A2019|x64
		A2020|x64 = A2020|x64
		A2021|x64 = A2021|x64
		Debug|x64 = Debug|x64
	EndGlobalSection
	GlobalSection(ProjectConfigurationPlatforms) = postSolution
		{28E153AE-08F6-4549-BDA8-B0A1B3A13405}.A2013|x64.ActiveCfg = A2013|x64
		{28E153AE-08F6-4549-BDA8-B0A1B3A13405}.A2013|x64.Build.0 = A2013|x64
		{28E153AE-08F6-4549-BDA8-B0A1B3A13405}.A2014|x64.ActiveCfg = A2014|x64
		{28E153AE-08F6-4549-BDA8-B0A1B3A13405}.A2014|x64.Build.0 = A2014|x64
		{28E153AE-08F6-4549-BDA8-B0A1B3A13405}.A2015|x64.ActiveCfg = A2015|x64
		{28E153AE-08F6-4549-BDA8-B0A1B3A13405}.A2015|x64.Build.0 = A2015|x64
		{28E153AE-08F6-4549-BDA8-B0A1B3A13405}.A2016|x64.ActiveCfg = A2016|x64
		{28E153AE-08F6-4549-BDA8-B0A1B3A13405}.A2016|x64.Build.0 = A2016|x64
		{28E153AE-08F6-4549-BDA8-B0A1B3A13405}.A2017|x64.ActiveCfg = A2017|x64
		{28E153AE-08F6-4549-BDA8-B0A1B3A13405}.A2017|x64.Build.0 = A2017|x64
		{28E153AE-08F6-4549-BDA8-B0A1B3A13405}.A2018|x64.ActiveCfg = A2018|x64
		{28E153AE-08F6-4549-BDA8-B0A1B3A13405}.A2018|x64.Build.0 = A2018|x64
		{28E153AE-08F6-4549-BDA8-B0A1B3A13405}.A2019|x64.ActiveCfg = A2019|x64
		{28E153AE-08F6-4549-BDA8-B0A1B3A13405}.A2019|x64.Build.0 = A2019|x64
		{28E153AE-08F6-4549-BDA8-B0A1B3A13405}.A2020|x64.ActiveCfg = A2020|x64
		{28E153AE-08F6-4549-BDA8-B0A1B3A13405}.A2020|x64.Build.0 = A2020|x64
		{28E153AE-08F6-4549-BDA8-B0A1B3A13405}.A2021|x64.ActiveCfg = A2021|x64
		{28E153AE-08F6-4549-BDA8-B0A1B3A13405}.A2021|x64.Build.0 = A2021|x64
		{28E153AE-08F6-4549-BDA8-B0A1B3A13405}.Debug|x64.ActiveCfg = Debug|x64
		{28E153AE-08F6-4549-BDA8-B0A1B3A13405}.Debug|x64.Build.0 = Debug|x64
		{6C52E12A-1010-44A7-AB24-9CAA9FCF1A48}.A2013|x64.ActiveCfg = Debug|Any CPU
		{6C52E12A-1010-44A7-AB24-9CAA9FCF1A48}.A2013|x64.Build.0 = Debug|Any CPU
		{6C52E12A-1010-44A7-AB24-9CAA9FCF1A48}.A2014|x64.ActiveCfg = Debug|Any CPU
		{6C52E12A-1010-44A7-AB24-9CAA9FCF1A48}.A2014|x64.Build.0 = Debug|Any CPU
		{6C52E12A-1010-44A7-AB24-9CAA9FCF1A48}.A2015|x64.ActiveCfg = Debug|Any CPU
		{6C52E12A-1010-44A7-AB24-9CAA9FCF1A48}.A2015|x64.Build.0 = Debug|Any CPU
		{6C52E12A-1010-44A7-AB24-9CAA9FCF1A48}.A2016|x64.ActiveCfg = Debug|Any CPU
		{6C52E12A-1010-44A7-AB24-9CAA9FCF1A48}.A2016|x64.Build.0 = Debug|Any CPU
		{6C52E12A-1010-44A7-AB24-9CAA9FCF1A48}.A2017|x64.ActiveCfg = Debug|Any CPU
		{6C52E12A-1010-44A7-AB24-9CAA9FCF1A48}.A2017|x64.Build.0 = Debug|Any CPU
		{6C52E12A-1010-44A7-AB24-9CAA9FCF1A48}.A2018|x64.ActiveCfg = Debug|Any CPU
		{6C52E12A-1010-44A7-AB24-9CAA9FCF1A48}.A2018|x64.Build.0 = Debug|Any CPU
		{6C52E12A-1010-44A7-AB24-9CAA9FCF1A48}.A2019|x64.ActiveCfg = Debug|Any CPU
		{6C52E12A-1010-44A7-AB24-9CAA9FCF1A48}.A2019|x64.Build.0 = Debug|Any CPU
		{6C52E12A-1010-44A7-AB24-9CAA9FCF1A48}.A2020|x64.ActiveCfg = Debug|Any CPU
		{6C52E12A-1010-44A7-AB24-9CAA9FCF1A48}.A2020|x64.Build.0 = Debug|Any CPU
		{6C52E12A-1010-44A7-AB24-9CAA9FCF1A48}.A2021|x64.ActiveCfg = Debug|Any CPU
		{6C52E12A-1010-44A7-AB24-9CAA9FCF1A48}.A2021|x64.Build.0 = Debug|Any CPU
		{6C52E12A-1010-44A7-AB24-9CAA9FCF1A48}.Debug|x64.ActiveCfg = Debug|Any CPU
		{6C52E12A-1010-44A7-AB24-9CAA9FCF1A48}.Debug|x64.Build.0 = Debug|Any CPU
	EndGlobalSection
	GlobalSection(SolutionProperties) = preSolution
		HideSolutionNode = FALSE
	EndGlobalSection
	GlobalSection(ExtensibilityGlobals) = postSolution
		SolutionGuid = {A4AAD197-718B-4F1C-9BBA-B4433544320B}
	EndGlobalSection
EndGlobal
